
Microsoft Visual Studio Solution File, Format Version 12.00
# Visual Studio Version 16
VisualStudioVersion = 16.0.28606.126
MinimumVisualStudioVersion = 10.0.40219.1
Project("{FAE04EC0-301F-11D3-BF4B-00C04F79EFBC}") = "PrivateWiki.UWP", "PrivateWiki.UWP\PrivateWiki.UWP.csproj", "{E1B1092A-EEE8-4C60-BD47-86BBDE74B775}"
EndProject
Project("{FAE04EC0-301F-11D3-BF4B-00C04F79EFBC}") = "RuntimeComponent", "RuntimeComponent\RuntimeComponent.csproj", "{A58A6B6D-679F-42E3-B415-EB310C14907A}"
EndProject
Project("{9A19103F-16F7-4668-BE54-9A1E7A4F7556}") = "PrivateWiki", "PrivateWiki\PrivateWiki.csproj", "{E2799E21-DA92-4FA1-8DF2-0C08006FFFAA}"
EndProject
Project("{C7167F0D-BC9F-4E6E-AFE1-012C56B48DB5}") = "PrivateWiki.Uwp.Package", "PrivateWiki.Uwp.Package\PrivateWiki.Uwp.Package.wapproj", "{D53ACCB2-D7C3-42BC-A43F-CDC4637BF48E}"
EndProject
Project("{9A19103F-16F7-4668-BE54-9A1E7A4F7556}") = "PrivateWiki.Test", "PrivateWiki.Test\PrivateWiki.Test.csproj", "{F4CB6A91-614A-4500-938A-9EF8EC070384}"
EndProject
Project("{2150E333-8FDC-42A3-9474-1A3956D46DE8}") = "Solution Items", "Solution Items", "{F94AC5F6-CE7C-474D-87FE-96D1D70FB598}"
	ProjectSection(SolutionItems) = preProject
		.editorconfig = .editorconfig
		.gitattributes = .gitattributes
		.gitignore = .gitignore
		azure-pipelines.yml = azure-pipelines.yml
		Directory.Build.props = Directory.Build.props
		license.txt = license.txt
		README.md = README.md
	EndProjectSection
EndProject
Project("{9A19103F-16F7-4668-BE54-9A1E7A4F7556}") = "PrivateWiki.DAL", "PrivateWiki.DAL\PrivateWiki.DAL.csproj", "{D30D7660-064C-4598-87E3-F5251E2C23E3}"
EndProject
Project("{9A19103F-16F7-4668-BE54-9A1E7A4F7556}") = "PrivateWiki.Dependencies", "PrivateWiki.Dependencies\PrivateWiki.Dependencies.csproj", "{EE848B18-BD87-449E-87BB-40080FD7DA7D}"
EndProject
Project("{FAE04EC0-301F-11D3-BF4B-00C04F79EFBC}") = "PrivateWiki.UWP.Dependencies", "PrivateWiki.UWP.Dependencies\PrivateWiki.UWP.Dependencies.csproj", "{14F82642-06A4-476A-86CE-5155F1AECE38}"
EndProject
Project("{FAE04EC0-301F-11D3-BF4B-00C04F79EFBC}") = "PrivateWiki.UWP.CompositionRoot", "PrivateWiki.UWP.CompositionRoot\PrivateWiki.UWP.CompositionRoot.csproj", "{28D36ADF-A6B6-4564-8B2F-4EE238B0B150}"
EndProject
Global
	GlobalSection(SolutionConfigurationPlatforms) = preSolution
		Debug|Any CPU = Debug|Any CPU
		Debug|ARM = Debug|ARM
		Debug|ARM64 = Debug|ARM64
		Debug|x64 = Debug|x64
		Debug|x86 = Debug|x86
		Release|Any CPU = Release|Any CPU
		Release|ARM = Release|ARM
		Release|ARM64 = Release|ARM64
		Release|x64 = Release|x64
		Release|x86 = Release|x86
	EndGlobalSection
	GlobalSection(ProjectConfigurationPlatforms) = postSolution
		{E1B1092A-EEE8-4C60-BD47-86BBDE74B775}.Debug|Any CPU.ActiveCfg = Debug|x64
		{E1B1092A-EEE8-4C60-BD47-86BBDE74B775}.Debug|Any CPU.Build.0 = Debug|x64
		{E1B1092A-EEE8-4C60-BD47-86BBDE74B775}.Debug|Any CPU.Deploy.0 = Debug|x64
		{E1B1092A-EEE8-4C60-BD47-86BBDE74B775}.Debug|ARM.ActiveCfg = Debug|ARM
		{E1B1092A-EEE8-4C60-BD47-86BBDE74B775}.Debug|ARM.Build.0 = Debug|ARM
		{E1B1092A-EEE8-4C60-BD47-86BBDE74B775}.Debug|ARM.Deploy.0 = Debug|ARM
		{E1B1092A-EEE8-4C60-BD47-86BBDE74B775}.Debug|ARM64.ActiveCfg = Debug|x86
		{E1B1092A-EEE8-4C60-BD47-86BBDE74B775}.Debug|x64.ActiveCfg = Debug|x64
		{E1B1092A-EEE8-4C60-BD47-86BBDE74B775}.Debug|x64.Build.0 = Debug|x64
		{E1B1092A-EEE8-4C60-BD47-86BBDE74B775}.Debug|x64.Deploy.0 = Debug|x64
		{E1B1092A-EEE8-4C60-BD47-86BBDE74B775}.Debug|x86.ActiveCfg = Debug|x86
		{E1B1092A-EEE8-4C60-BD47-86BBDE74B775}.Debug|x86.Build.0 = Debug|x86
		{E1B1092A-EEE8-4C60-BD47-86BBDE74B775}.Debug|x86.Deploy.0 = Debug|x86
		{E1B1092A-EEE8-4C60-BD47-86BBDE74B775}.Release|Any CPU.ActiveCfg = Release|x86
		{E1B1092A-EEE8-4C60-BD47-86BBDE74B775}.Release|ARM.ActiveCfg = Release|ARM
		{E1B1092A-EEE8-4C60-BD47-86BBDE74B775}.Release|ARM.Build.0 = Release|ARM
		{E1B1092A-EEE8-4C60-BD47-86BBDE74B775}.Release|ARM.Deploy.0 = Release|ARM
		{E1B1092A-EEE8-4C60-BD47-86BBDE74B775}.Release|ARM64.ActiveCfg = Release|x86
		{E1B1092A-EEE8-4C60-BD47-86BBDE74B775}.Release|x64.ActiveCfg = Release|x64
		{E1B1092A-EEE8-4C60-BD47-86BBDE74B775}.Release|x64.Build.0 = Release|x64
		{E1B1092A-EEE8-4C60-BD47-86BBDE74B775}.Release|x64.Deploy.0 = Release|x64
		{E1B1092A-EEE8-4C60-BD47-86BBDE74B775}.Release|x86.ActiveCfg = Release|x86
		{E1B1092A-EEE8-4C60-BD47-86BBDE74B775}.Release|x86.Build.0 = Release|x86
		{E1B1092A-EEE8-4C60-BD47-86BBDE74B775}.Release|x86.Deploy.0 = Release|x86
		{A58A6B6D-679F-42E3-B415-EB310C14907A}.Debug|Any CPU.ActiveCfg = Debug|Any CPU
		{A58A6B6D-679F-42E3-B415-EB310C14907A}.Debug|Any CPU.Build.0 = Debug|Any CPU
		{A58A6B6D-679F-42E3-B415-EB310C14907A}.Debug|ARM.ActiveCfg = Debug|ARM
		{A58A6B6D-679F-42E3-B415-EB310C14907A}.Debug|ARM.Build.0 = Debug|ARM
		{A58A6B6D-679F-42E3-B415-EB310C14907A}.Debug|ARM64.ActiveCfg = Debug|ARM64
		{A58A6B6D-679F-42E3-B415-EB310C14907A}.Debug|ARM64.Build.0 = Debug|ARM64
		{A58A6B6D-679F-42E3-B415-EB310C14907A}.Debug|x64.ActiveCfg = Debug|x64
		{A58A6B6D-679F-42E3-B415-EB310C14907A}.Debug|x64.Build.0 = Debug|x64
		{A58A6B6D-679F-42E3-B415-EB310C14907A}.Debug|x86.ActiveCfg = Debug|x86
		{A58A6B6D-679F-42E3-B415-EB310C14907A}.Debug|x86.Build.0 = Debug|x86
		{A58A6B6D-679F-42E3-B415-EB310C14907A}.Release|Any CPU.ActiveCfg = Release|Any CPU
		{A58A6B6D-679F-42E3-B415-EB310C14907A}.Release|Any CPU.Build.0 = Release|Any CPU
		{A58A6B6D-679F-42E3-B415-EB310C14907A}.Release|ARM.ActiveCfg = Release|ARM
		{A58A6B6D-679F-42E3-B415-EB310C14907A}.Release|ARM.Build.0 = Release|ARM
		{A58A6B6D-679F-42E3-B415-EB310C14907A}.Release|ARM64.ActiveCfg = Release|ARM64
		{A58A6B6D-679F-42E3-B415-EB310C14907A}.Release|ARM64.Build.0 = Release|ARM64
		{A58A6B6D-679F-42E3-B415-EB310C14907A}.Release|x64.ActiveCfg = Release|x64
		{A58A6B6D-679F-42E3-B415-EB310C14907A}.Release|x64.Build.0 = Release|x64
		{A58A6B6D-679F-42E3-B415-EB310C14907A}.Release|x86.ActiveCfg = Release|x86
		{A58A6B6D-679F-42E3-B415-EB310C14907A}.Release|x86.Build.0 = Release|x86
		{E2799E21-DA92-4FA1-8DF2-0C08006FFFAA}.Debug|Any CPU.ActiveCfg = Debug|Any CPU
		{E2799E21-DA92-4FA1-8DF2-0C08006FFFAA}.Debug|Any CPU.Build.0 = Debug|Any CPU
		{E2799E21-DA92-4FA1-8DF2-0C08006FFFAA}.Debug|ARM.ActiveCfg = Debug|Any CPU
		{E2799E21-DA92-4FA1-8DF2-0C08006FFFAA}.Debug|ARM.Build.0 = Debug|Any CPU
		{E2799E21-DA92-4FA1-8DF2-0C08006FFFAA}.Debug|ARM64.ActiveCfg = Debug|Any CPU
		{E2799E21-DA92-4FA1-8DF2-0C08006FFFAA}.Debug|ARM64.Build.0 = Debug|Any CPU
		{E2799E21-DA92-4FA1-8DF2-0C08006FFFAA}.Debug|x64.ActiveCfg = Debug|Any CPU
		{E2799E21-DA92-4FA1-8DF2-0C08006FFFAA}.Debug|x64.Build.0 = Debug|Any CPU
		{E2799E21-DA92-4FA1-8DF2-0C08006FFFAA}.Debug|x86.ActiveCfg = Debug|Any CPU
		{E2799E21-DA92-4FA1-8DF2-0C08006FFFAA}.Debug|x86.Build.0 = Debug|Any CPU
		{E2799E21-DA92-4FA1-8DF2-0C08006FFFAA}.Release|Any CPU.ActiveCfg = Release|Any CPU
		{E2799E21-DA92-4FA1-8DF2-0C08006FFFAA}.Release|Any CPU.Build.0 = Release|Any CPU
		{E2799E21-DA92-4FA1-8DF2-0C08006FFFAA}.Release|ARM.ActiveCfg = Release|Any CPU
		{E2799E21-DA92-4FA1-8DF2-0C08006FFFAA}.Release|ARM.Build.0 = Release|Any CPU
		{E2799E21-DA92-4FA1-8DF2-0C08006FFFAA}.Release|ARM64.ActiveCfg = Release|Any CPU
		{E2799E21-DA92-4FA1-8DF2-0C08006FFFAA}.Release|ARM64.Build.0 = Release|Any CPU
		{E2799E21-DA92-4FA1-8DF2-0C08006FFFAA}.Release|x64.ActiveCfg = Release|Any CPU
		{E2799E21-DA92-4FA1-8DF2-0C08006FFFAA}.Release|x64.Build.0 = Release|Any CPU
		{E2799E21-DA92-4FA1-8DF2-0C08006FFFAA}.Release|x86.ActiveCfg = Release|Any CPU
		{E2799E21-DA92-4FA1-8DF2-0C08006FFFAA}.Release|x86.Build.0 = Release|Any CPU
		{D53ACCB2-D7C3-42BC-A43F-CDC4637BF48E}.Debug|Any CPU.ActiveCfg = Debug|Any CPU
		{D53ACCB2-D7C3-42BC-A43F-CDC4637BF48E}.Debug|Any CPU.Build.0 = Debug|Any CPU
		{D53ACCB2-D7C3-42BC-A43F-CDC4637BF48E}.Debug|Any CPU.Deploy.0 = Debug|Any CPU
		{D53ACCB2-D7C3-42BC-A43F-CDC4637BF48E}.Debug|ARM.ActiveCfg = Debug|ARM
		{D53ACCB2-D7C3-42BC-A43F-CDC4637BF48E}.Debug|ARM.Build.0 = Debug|ARM
		{D53ACCB2-D7C3-42BC-A43F-CDC4637BF48E}.Debug|ARM.Deploy.0 = Debug|ARM
		{D53ACCB2-D7C3-42BC-A43F-CDC4637BF48E}.Debug|ARM64.ActiveCfg = Debug|ARM64
		{D53ACCB2-D7C3-42BC-A43F-CDC4637BF48E}.Debug|ARM64.Build.0 = Debug|ARM64
		{D53ACCB2-D7C3-42BC-A43F-CDC4637BF48E}.Debug|ARM64.Deploy.0 = Debug|ARM64
		{D53ACCB2-D7C3-42BC-A43F-CDC4637BF48E}.Debug|x64.ActiveCfg = Debug|x64
		{D53ACCB2-D7C3-42BC-A43F-CDC4637BF48E}.Debug|x64.Build.0 = Debug|x64
		{D53ACCB2-D7C3-42BC-A43F-CDC4637BF48E}.Debug|x64.Deploy.0 = Debug|x64
		{D53ACCB2-D7C3-42BC-A43F-CDC4637BF48E}.Debug|x86.ActiveCfg = Debug|x86
		{D53ACCB2-D7C3-42BC-A43F-CDC4637BF48E}.Debug|x86.Build.0 = Debug|x86
		{D53ACCB2-D7C3-42BC-A43F-CDC4637BF48E}.Debug|x86.Deploy.0 = Debug|x86
		{D53ACCB2-D7C3-42BC-A43F-CDC4637BF48E}.Release|Any CPU.ActiveCfg = Release|Any CPU
		{D53ACCB2-D7C3-42BC-A43F-CDC4637BF48E}.Release|Any CPU.Build.0 = Release|Any CPU
		{D53ACCB2-D7C3-42BC-A43F-CDC4637BF48E}.Release|Any CPU.Deploy.0 = Release|Any CPU
		{D53ACCB2-D7C3-42BC-A43F-CDC4637BF48E}.Release|ARM.ActiveCfg = Release|ARM
		{D53ACCB2-D7C3-42BC-A43F-CDC4637BF48E}.Release|ARM.Build.0 = Release|ARM
		{D53ACCB2-D7C3-42BC-A43F-CDC4637BF48E}.Release|ARM.Deploy.0 = Release|ARM
		{D53ACCB2-D7C3-42BC-A43F-CDC4637BF48E}.Release|ARM64.ActiveCfg = Release|ARM64
		{D53ACCB2-D7C3-42BC-A43F-CDC4637BF48E}.Release|ARM64.Build.0 = Release|ARM64
		{D53ACCB2-D7C3-42BC-A43F-CDC4637BF48E}.Release|ARM64.Deploy.0 = Release|ARM64
		{D53ACCB2-D7C3-42BC-A43F-CDC4637BF48E}.Release|x64.ActiveCfg = Release|x64
		{D53ACCB2-D7C3-42BC-A43F-CDC4637BF48E}.Release|x64.Build.0 = Release|x64
		{D53ACCB2-D7C3-42BC-A43F-CDC4637BF48E}.Release|x64.Deploy.0 = Release|x64
		{D53ACCB2-D7C3-42BC-A43F-CDC4637BF48E}.Release|x86.ActiveCfg = Release|x86
		{D53ACCB2-D7C3-42BC-A43F-CDC4637BF48E}.Release|x86.Build.0 = Release|x86
		{D53ACCB2-D7C3-42BC-A43F-CDC4637BF48E}.Release|x86.Deploy.0 = Release|x86
		{F4CB6A91-614A-4500-938A-9EF8EC070384}.Debug|Any CPU.ActiveCfg = Debug|Any CPU
		{F4CB6A91-614A-4500-938A-9EF8EC070384}.Debug|Any CPU.Build.0 = Debug|Any CPU
		{F4CB6A91-614A-4500-938A-9EF8EC070384}.Debug|ARM.ActiveCfg = Debug|Any CPU
		{F4CB6A91-614A-4500-938A-9EF8EC070384}.Debug|ARM.Build.0 = Debug|Any CPU
		{F4CB6A91-614A-4500-938A-9EF8EC070384}.Debug|ARM64.ActiveCfg = Debug|Any CPU
		{F4CB6A91-614A-4500-938A-9EF8EC070384}.Debug|ARM64.Build.0 = Debug|Any CPU
		{F4CB6A91-614A-4500-938A-9EF8EC070384}.Debug|x64.ActiveCfg = Debug|Any CPU
		{F4CB6A91-614A-4500-938A-9EF8EC070384}.Debug|x64.Build.0 = Debug|Any CPU
		{F4CB6A91-614A-4500-938A-9EF8EC070384}.Debug|x86.ActiveCfg = Debug|Any CPU
		{F4CB6A91-614A-4500-938A-9EF8EC070384}.Debug|x86.Build.0 = Debug|Any CPU
		{F4CB6A91-614A-4500-938A-9EF8EC070384}.Release|Any CPU.ActiveCfg = Release|Any CPU
		{F4CB6A91-614A-4500-938A-9EF8EC070384}.Release|Any CPU.Build.0 = Release|Any CPU
		{F4CB6A91-614A-4500-938A-9EF8EC070384}.Release|ARM.ActiveCfg = Release|Any CPU
		{F4CB6A91-614A-4500-938A-9EF8EC070384}.Release|ARM.Build.0 = Release|Any CPU
		{F4CB6A91-614A-4500-938A-9EF8EC070384}.Release|ARM64.ActiveCfg = Release|Any CPU
		{F4CB6A91-614A-4500-938A-9EF8EC070384}.Release|ARM64.Build.0 = Release|Any CPU
		{F4CB6A91-614A-4500-938A-9EF8EC070384}.Release|x64.ActiveCfg = Release|Any CPU
		{F4CB6A91-614A-4500-938A-9EF8EC070384}.Release|x64.Build.0 = Release|Any CPU
		{F4CB6A91-614A-4500-938A-9EF8EC070384}.Release|x86.ActiveCfg = Release|Any CPU
		{F4CB6A91-614A-4500-938A-9EF8EC070384}.Release|x86.Build.0 = Release|Any CPU
		{D30D7660-064C-4598-87E3-F5251E2C23E3}.Debug|Any CPU.ActiveCfg = Debug|Any CPU
		{D30D7660-064C-4598-87E3-F5251E2C23E3}.Debug|Any CPU.Build.0 = Debug|Any CPU
		{D30D7660-064C-4598-87E3-F5251E2C23E3}.Debug|ARM.ActiveCfg = Debug|Any CPU
		{D30D7660-064C-4598-87E3-F5251E2C23E3}.Debug|ARM.Build.0 = Debug|Any CPU
		{D30D7660-064C-4598-87E3-F5251E2C23E3}.Debug|ARM64.ActiveCfg = Debug|Any CPU
		{D30D7660-064C-4598-87E3-F5251E2C23E3}.Debug|ARM64.Build.0 = Debug|Any CPU
		{D30D7660-064C-4598-87E3-F5251E2C23E3}.Debug|x64.ActiveCfg = Debug|Any CPU
		{D30D7660-064C-4598-87E3-F5251E2C23E3}.Debug|x64.Build.0 = Debug|Any CPU
		{D30D7660-064C-4598-87E3-F5251E2C23E3}.Debug|x86.ActiveCfg = Debug|Any CPU
		{D30D7660-064C-4598-87E3-F5251E2C23E3}.Debug|x86.Build.0 = Debug|Any CPU
		{D30D7660-064C-4598-87E3-F5251E2C23E3}.Release|Any CPU.ActiveCfg = Release|Any CPU
		{D30D7660-064C-4598-87E3-F5251E2C23E3}.Release|Any CPU.Build.0 = Release|Any CPU
		{D30D7660-064C-4598-87E3-F5251E2C23E3}.Release|ARM.ActiveCfg = Release|Any CPU
		{D30D7660-064C-4598-87E3-F5251E2C23E3}.Release|ARM.Build.0 = Release|Any CPU
		{D30D7660-064C-4598-87E3-F5251E2C23E3}.Release|ARM64.ActiveCfg = Release|Any CPU
		{D30D7660-064C-4598-87E3-F5251E2C23E3}.Release|ARM64.Build.0 = Release|Any CPU
		{D30D7660-064C-4598-87E3-F5251E2C23E3}.Release|x64.ActiveCfg = Release|Any CPU
		{D30D7660-064C-4598-87E3-F5251E2C23E3}.Release|x64.Build.0 = Release|Any CPU
		{D30D7660-064C-4598-87E3-F5251E2C23E3}.Release|x86.ActiveCfg = Release|Any CPU
		{D30D7660-064C-4598-87E3-F5251E2C23E3}.Release|x86.Build.0 = Release|Any CPU
		{EE848B18-BD87-449E-87BB-40080FD7DA7D}.Debug|Any CPU.ActiveCfg = Debug|Any CPU
		{EE848B18-BD87-449E-87BB-40080FD7DA7D}.Debug|Any CPU.Build.0 = Debug|Any CPU
		{EE848B18-BD87-449E-87BB-40080FD7DA7D}.Debug|ARM.ActiveCfg = Debug|Any CPU
		{EE848B18-BD87-449E-87BB-40080FD7DA7D}.Debug|ARM.Build.0 = Debug|Any CPU
		{EE848B18-BD87-449E-87BB-40080FD7DA7D}.Debug|ARM64.ActiveCfg = Debug|Any CPU
		{EE848B18-BD87-449E-87BB-40080FD7DA7D}.Debug|ARM64.Build.0 = Debug|Any CPU
		{EE848B18-BD87-449E-87BB-40080FD7DA7D}.Debug|x64.ActiveCfg = Debug|Any CPU
		{EE848B18-BD87-449E-87BB-40080FD7DA7D}.Debug|x64.Build.0 = Debug|Any CPU
		{EE848B18-BD87-449E-87BB-40080FD7DA7D}.Debug|x86.ActiveCfg = Debug|Any CPU
		{EE848B18-BD87-449E-87BB-40080FD7DA7D}.Debug|x86.Build.0 = Debug|Any CPU
		{EE848B18-BD87-449E-87BB-40080FD7DA7D}.Release|Any CPU.ActiveCfg = Release|Any CPU
		{EE848B18-BD87-449E-87BB-40080FD7DA7D}.Release|Any CPU.Build.0 = Release|Any CPU
		{EE848B18-BD87-449E-87BB-40080FD7DA7D}.Release|ARM.ActiveCfg = Release|Any CPU
		{EE848B18-BD87-449E-87BB-40080FD7DA7D}.Release|ARM.Build.0 = Release|Any CPU
		{EE848B18-BD87-449E-87BB-40080FD7DA7D}.Release|ARM64.ActiveCfg = Release|Any CPU
		{EE848B18-BD87-449E-87BB-40080FD7DA7D}.Release|ARM64.Build.0 = Release|Any CPU
		{EE848B18-BD87-449E-87BB-40080FD7DA7D}.Release|x64.ActiveCfg = Release|Any CPU
		{EE848B18-BD87-449E-87BB-40080FD7DA7D}.Release|x64.Build.0 = Release|Any CPU
		{EE848B18-BD87-449E-87BB-40080FD7DA7D}.Release|x86.ActiveCfg = Release|Any CPU
		{EE848B18-BD87-449E-87BB-40080FD7DA7D}.Release|x86.Build.0 = Release|Any CPU
		{14F82642-06A4-476A-86CE-5155F1AECE38}.Debug|Any CPU.ActiveCfg = Debug|Any CPU
		{14F82642-06A4-476A-86CE-5155F1AECE38}.Debug|Any CPU.Build.0 = Debug|Any CPU
		{14F82642-06A4-476A-86CE-5155F1AECE38}.Debug|ARM.ActiveCfg = Debug|ARM
		{14F82642-06A4-476A-86CE-5155F1AECE38}.Debug|ARM.Build.0 = Debug|ARM
		{14F82642-06A4-476A-86CE-5155F1AECE38}.Debug|ARM64.ActiveCfg = Debug|ARM64
		{14F82642-06A4-476A-86CE-5155F1AECE38}.Debug|ARM64.Build.0 = Debug|ARM64
		{14F82642-06A4-476A-86CE-5155F1AECE38}.Debug|x64.ActiveCfg = Debug|x64
		{14F82642-06A4-476A-86CE-5155F1AECE38}.Debug|x64.Build.0 = Debug|x64
		{14F82642-06A4-476A-86CE-5155F1AECE38}.Debug|x86.ActiveCfg = Debug|x86
		{14F82642-06A4-476A-86CE-5155F1AECE38}.Debug|x86.Build.0 = Debug|x86
		{14F82642-06A4-476A-86CE-5155F1AECE38}.Release|Any CPU.ActiveCfg = Release|Any CPU
		{14F82642-06A4-476A-86CE-5155F1AECE38}.Release|Any CPU.Build.0 = Release|Any CPU
		{14F82642-06A4-476A-86CE-5155F1AECE38}.Release|ARM.ActiveCfg = Release|ARM
		{14F82642-06A4-476A-86CE-5155F1AECE38}.Release|ARM.Build.0 = Release|ARM
		{14F82642-06A4-476A-86CE-5155F1AECE38}.Release|ARM64.ActiveCfg = Release|ARM64
		{14F82642-06A4-476A-86CE-5155F1AECE38}.Release|ARM64.Build.0 = Release|ARM64
		{14F82642-06A4-476A-86CE-5155F1AECE38}.Release|x64.ActiveCfg = Release|x64
		{14F82642-06A4-476A-86CE-5155F1AECE38}.Release|x64.Build.0 = Release|x64
		{14F82642-06A4-476A-86CE-5155F1AECE38}.Release|x86.ActiveCfg = Release|x86
		{14F82642-06A4-476A-86CE-5155F1AECE38}.Release|x86.Build.0 = Release|x86
		{28D36ADF-A6B6-4564-8B2F-4EE238B0B150}.Debug|Any CPU.ActiveCfg = Debug|Any CPU
		{28D36ADF-A6B6-4564-8B2F-4EE238B0B150}.Debug|Any CPU.Build.0 = Debug|Any CPU
		{28D36ADF-A6B6-4564-8B2F-4EE238B0B150}.Debug|ARM.ActiveCfg = Debug|ARM
		{28D36ADF-A6B6-4564-8B2F-4EE238B0B150}.Debug|ARM.Build.0 = Debug|ARM
		{28D36ADF-A6B6-4564-8B2F-4EE238B0B150}.Debug|ARM64.ActiveCfg = Debug|ARM64
		{28D36ADF-A6B6-4564-8B2F-4EE238B0B150}.Debug|ARM64.Build.0 = Debug|ARM64
		{28D36ADF-A6B6-4564-8B2F-4EE238B0B150}.Debug|x64.ActiveCfg = Debug|x64
		{28D36ADF-A6B6-4564-8B2F-4EE238B0B150}.Debug|x64.Build.0 = Debug|x64
		{28D36ADF-A6B6-4564-8B2F-4EE238B0B150}.Debug|x86.ActiveCfg = Debug|x86
		{28D36ADF-A6B6-4564-8B2F-4EE238B0B150}.Debug|x86.Build.0 = Debug|x86
		{28D36ADF-A6B6-4564-8B2F-4EE238B0B150}.Release|Any CPU.ActiveCfg = Release|Any CPU
		{28D36ADF-A6B6-4564-8B2F-4EE238B0B150}.Release|Any CPU.Build.0 = Release|Any CPU
		{28D36ADF-A6B6-4564-8B2F-4EE238B0B150}.Release|ARM.ActiveCfg = Release|ARM
		{28D36ADF-A6B6-4564-8B2F-4EE238B0B150}.Release|ARM.Build.0 = Release|ARM
		{28D36ADF-A6B6-4564-8B2F-4EE238B0B150}.Release|ARM64.ActiveCfg = Release|ARM64
		{28D36ADF-A6B6-4564-8B2F-4EE238B0B150}.Release|ARM64.Build.0 = Release|ARM64
		{28D36ADF-A6B6-4564-8B2F-4EE238B0B150}.Release|x64.ActiveCfg = Release|x64
		{28D36ADF-A6B6-4564-8B2F-4EE238B0B150}.Release|x64.Build.0 = Release|x64
		{28D36ADF-A6B6-4564-8B2F-4EE238B0B150}.Release|x86.ActiveCfg = Release|x86
		{28D36ADF-A6B6-4564-8B2F-4EE238B0B150}.Release|x86.Build.0 = Release|x86
	EndGlobalSection
	GlobalSection(SolutionProperties) = preSolution
		HideSolutionNode = FALSE
	EndGlobalSection
	GlobalSection(ExtensibilityGlobals) = postSolution
		SolutionGuid = {BE9B87C7-2E7B-4E88-9F6D-38E751A1BD7E}
	EndGlobalSection
EndGlobal
