
Microsoft Visual Studio Solution File, Format Version 12.00
# Visual Studio Version 16
VisualStudioVersion = 16.0.28606.126
MinimumVisualStudioVersion = 10.0.40219.1
Project("{FAE04EC0-301F-11D3-BF4B-00C04F79EFBC}") = "PrivateWiki", "PrivateWiki\PrivateWiki.csproj", "{E1B1092A-EEE8-4C60-BD47-86BBDE74B775}"
EndProject
Project("{9A19103F-16F7-4668-BE54-9A1E7A4F7556}") = "Models", "Models\Models.csproj", "{112EFB3B-66AE-47EB-889D-1D6C876C9ECD}"
EndProject
Project("{9A19103F-16F7-4668-BE54-9A1E7A4F7556}") = "Contracts", "Contracts\Contracts.csproj", "{21481A91-0E12-420E-9949-22432B5FD316}"
EndProject
Project("{FAE04EC0-301F-11D3-BF4B-00C04F79EFBC}") = "RuntimeComponent", "RuntimeComponent\RuntimeComponent.csproj", "{A58A6B6D-679F-42E3-B415-EB310C14907A}"
EndProject
Project("{FAE04EC0-301F-11D3-BF4B-00C04F79EFBC}") = "StorageBackend", "StorageBackend\StorageBackend.csproj", "{3ADA0CDB-FFEF-489C-9C72-8F99325D927E}"
EndProject
Project("{FAE04EC0-301F-11D3-BF4B-00C04F79EFBC}") = "StorageBackend.Test", "StorageBackend.Test\StorageBackend.Test.csproj", "{E6F1766D-9EAC-45B9-8047-45626218929B}"
EndProject
Project("{FAE04EC0-301F-11D3-BF4B-00C04F79EFBC}") = "DesktopExtension", "DesktopExtension\DesktopExtension.csproj", "{63CC18D1-D372-46D0-B844-74CF292760C3}"
EndProject
Project("{C7167F0D-BC9F-4E6E-AFE1-012C56B48DB5}") = "Packaging", "Packaging\Packaging.wapproj", "{3638FA9D-50CB-45AC-AFCC-19754B52EBF8}"
EndProject
Global
	GlobalSection(SolutionConfigurationPlatforms) = preSolution
		Debug|Any CPU = Debug|Any CPU
		Debug|ARM = Debug|ARM
		Debug|ARM64 = Debug|ARM64
		Debug|x64 = Debug|x64
		Debug|x86 = Debug|x86
		Release|Any CPU = Release|Any CPU
		Release|ARM = Release|ARM
		Release|ARM64 = Release|ARM64
		Release|x64 = Release|x64
		Release|x86 = Release|x86
	EndGlobalSection
	GlobalSection(ProjectConfigurationPlatforms) = postSolution
		{E1B1092A-EEE8-4C60-BD47-86BBDE74B775}.Debug|Any CPU.ActiveCfg = Debug|x64
		{E1B1092A-EEE8-4C60-BD47-86BBDE74B775}.Debug|Any CPU.Build.0 = Debug|x64
		{E1B1092A-EEE8-4C60-BD47-86BBDE74B775}.Debug|Any CPU.Deploy.0 = Debug|x64
		{E1B1092A-EEE8-4C60-BD47-86BBDE74B775}.Debug|ARM.ActiveCfg = Debug|ARM
		{E1B1092A-EEE8-4C60-BD47-86BBDE74B775}.Debug|ARM.Build.0 = Debug|ARM
		{E1B1092A-EEE8-4C60-BD47-86BBDE74B775}.Debug|ARM.Deploy.0 = Debug|ARM
		{E1B1092A-EEE8-4C60-BD47-86BBDE74B775}.Debug|ARM64.ActiveCfg = Debug|x86
		{E1B1092A-EEE8-4C60-BD47-86BBDE74B775}.Debug|x64.ActiveCfg = Debug|x64
		{E1B1092A-EEE8-4C60-BD47-86BBDE74B775}.Debug|x64.Build.0 = Debug|x64
		{E1B1092A-EEE8-4C60-BD47-86BBDE74B775}.Debug|x64.Deploy.0 = Debug|x64
		{E1B1092A-EEE8-4C60-BD47-86BBDE74B775}.Debug|x86.ActiveCfg = Debug|x86
		{E1B1092A-EEE8-4C60-BD47-86BBDE74B775}.Debug|x86.Build.0 = Debug|x86
		{E1B1092A-EEE8-4C60-BD47-86BBDE74B775}.Debug|x86.Deploy.0 = Debug|x86
		{E1B1092A-EEE8-4C60-BD47-86BBDE74B775}.Release|Any CPU.ActiveCfg = Release|x86
		{E1B1092A-EEE8-4C60-BD47-86BBDE74B775}.Release|ARM.ActiveCfg = Release|ARM
		{E1B1092A-EEE8-4C60-BD47-86BBDE74B775}.Release|ARM.Build.0 = Release|ARM
		{E1B1092A-EEE8-4C60-BD47-86BBDE74B775}.Release|ARM.Deploy.0 = Release|ARM
		{E1B1092A-EEE8-4C60-BD47-86BBDE74B775}.Release|ARM64.ActiveCfg = Release|x86
		{E1B1092A-EEE8-4C60-BD47-86BBDE74B775}.Release|x64.ActiveCfg = Release|x64
		{E1B1092A-EEE8-4C60-BD47-86BBDE74B775}.Release|x64.Build.0 = Release|x64
		{E1B1092A-EEE8-4C60-BD47-86BBDE74B775}.Release|x64.Deploy.0 = Release|x64
		{E1B1092A-EEE8-4C60-BD47-86BBDE74B775}.Release|x86.ActiveCfg = Release|x86
		{E1B1092A-EEE8-4C60-BD47-86BBDE74B775}.Release|x86.Build.0 = Release|x86
		{E1B1092A-EEE8-4C60-BD47-86BBDE74B775}.Release|x86.Deploy.0 = Release|x86
		{112EFB3B-66AE-47EB-889D-1D6C876C9ECD}.Debug|Any CPU.ActiveCfg = Debug|Any CPU
		{112EFB3B-66AE-47EB-889D-1D6C876C9ECD}.Debug|Any CPU.Build.0 = Debug|Any CPU
		{112EFB3B-66AE-47EB-889D-1D6C876C9ECD}.Debug|ARM.ActiveCfg = Debug|Any CPU
		{112EFB3B-66AE-47EB-889D-1D6C876C9ECD}.Debug|ARM.Build.0 = Debug|Any CPU
		{112EFB3B-66AE-47EB-889D-1D6C876C9ECD}.Debug|ARM64.ActiveCfg = Debug|Any CPU
		{112EFB3B-66AE-47EB-889D-1D6C876C9ECD}.Debug|ARM64.Build.0 = Debug|Any CPU
		{112EFB3B-66AE-47EB-889D-1D6C876C9ECD}.Debug|x64.ActiveCfg = Debug|Any CPU
		{112EFB3B-66AE-47EB-889D-1D6C876C9ECD}.Debug|x64.Build.0 = Debug|Any CPU
		{112EFB3B-66AE-47EB-889D-1D6C876C9ECD}.Debug|x86.ActiveCfg = Debug|Any CPU
		{112EFB3B-66AE-47EB-889D-1D6C876C9ECD}.Debug|x86.Build.0 = Debug|Any CPU
		{112EFB3B-66AE-47EB-889D-1D6C876C9ECD}.Release|Any CPU.ActiveCfg = Release|Any CPU
		{112EFB3B-66AE-47EB-889D-1D6C876C9ECD}.Release|Any CPU.Build.0 = Release|Any CPU
		{112EFB3B-66AE-47EB-889D-1D6C876C9ECD}.Release|ARM.ActiveCfg = Release|Any CPU
		{112EFB3B-66AE-47EB-889D-1D6C876C9ECD}.Release|ARM.Build.0 = Release|Any CPU
		{112EFB3B-66AE-47EB-889D-1D6C876C9ECD}.Release|ARM64.ActiveCfg = Release|Any CPU
		{112EFB3B-66AE-47EB-889D-1D6C876C9ECD}.Release|ARM64.Build.0 = Release|Any CPU
		{112EFB3B-66AE-47EB-889D-1D6C876C9ECD}.Release|x64.ActiveCfg = Release|Any CPU
		{112EFB3B-66AE-47EB-889D-1D6C876C9ECD}.Release|x64.Build.0 = Release|Any CPU
		{112EFB3B-66AE-47EB-889D-1D6C876C9ECD}.Release|x86.ActiveCfg = Release|Any CPU
		{112EFB3B-66AE-47EB-889D-1D6C876C9ECD}.Release|x86.Build.0 = Release|Any CPU
		{21481A91-0E12-420E-9949-22432B5FD316}.Debug|Any CPU.ActiveCfg = Debug|Any CPU
		{21481A91-0E12-420E-9949-22432B5FD316}.Debug|Any CPU.Build.0 = Debug|Any CPU
		{21481A91-0E12-420E-9949-22432B5FD316}.Debug|ARM.ActiveCfg = Debug|Any CPU
		{21481A91-0E12-420E-9949-22432B5FD316}.Debug|ARM.Build.0 = Debug|Any CPU
		{21481A91-0E12-420E-9949-22432B5FD316}.Debug|ARM64.ActiveCfg = Debug|Any CPU
		{21481A91-0E12-420E-9949-22432B5FD316}.Debug|ARM64.Build.0 = Debug|Any CPU
		{21481A91-0E12-420E-9949-22432B5FD316}.Debug|x64.ActiveCfg = Debug|Any CPU
		{21481A91-0E12-420E-9949-22432B5FD316}.Debug|x64.Build.0 = Debug|Any CPU
		{21481A91-0E12-420E-9949-22432B5FD316}.Debug|x86.ActiveCfg = Debug|Any CPU
		{21481A91-0E12-420E-9949-22432B5FD316}.Debug|x86.Build.0 = Debug|Any CPU
		{21481A91-0E12-420E-9949-22432B5FD316}.Release|Any CPU.ActiveCfg = Release|Any CPU
		{21481A91-0E12-420E-9949-22432B5FD316}.Release|Any CPU.Build.0 = Release|Any CPU
		{21481A91-0E12-420E-9949-22432B5FD316}.Release|ARM.ActiveCfg = Release|Any CPU
		{21481A91-0E12-420E-9949-22432B5FD316}.Release|ARM.Build.0 = Release|Any CPU
		{21481A91-0E12-420E-9949-22432B5FD316}.Release|ARM64.ActiveCfg = Release|Any CPU
		{21481A91-0E12-420E-9949-22432B5FD316}.Release|ARM64.Build.0 = Release|Any CPU
		{21481A91-0E12-420E-9949-22432B5FD316}.Release|x64.ActiveCfg = Release|Any CPU
		{21481A91-0E12-420E-9949-22432B5FD316}.Release|x64.Build.0 = Release|Any CPU
		{21481A91-0E12-420E-9949-22432B5FD316}.Release|x86.ActiveCfg = Release|Any CPU
		{21481A91-0E12-420E-9949-22432B5FD316}.Release|x86.Build.0 = Release|Any CPU
		{A58A6B6D-679F-42E3-B415-EB310C14907A}.Debug|Any CPU.ActiveCfg = Debug|Any CPU
		{A58A6B6D-679F-42E3-B415-EB310C14907A}.Debug|Any CPU.Build.0 = Debug|Any CPU
		{A58A6B6D-679F-42E3-B415-EB310C14907A}.Debug|ARM.ActiveCfg = Debug|ARM
		{A58A6B6D-679F-42E3-B415-EB310C14907A}.Debug|ARM.Build.0 = Debug|ARM
		{A58A6B6D-679F-42E3-B415-EB310C14907A}.Debug|ARM64.ActiveCfg = Debug|ARM64
		{A58A6B6D-679F-42E3-B415-EB310C14907A}.Debug|ARM64.Build.0 = Debug|ARM64
		{A58A6B6D-679F-42E3-B415-EB310C14907A}.Debug|x64.ActiveCfg = Debug|x64
		{A58A6B6D-679F-42E3-B415-EB310C14907A}.Debug|x64.Build.0 = Debug|x64
		{A58A6B6D-679F-42E3-B415-EB310C14907A}.Debug|x86.ActiveCfg = Debug|x86
		{A58A6B6D-679F-42E3-B415-EB310C14907A}.Debug|x86.Build.0 = Debug|x86
		{A58A6B6D-679F-42E3-B415-EB310C14907A}.Release|Any CPU.ActiveCfg = Release|Any CPU
		{A58A6B6D-679F-42E3-B415-EB310C14907A}.Release|Any CPU.Build.0 = Release|Any CPU
		{A58A6B6D-679F-42E3-B415-EB310C14907A}.Release|ARM.ActiveCfg = Release|ARM
		{A58A6B6D-679F-42E3-B415-EB310C14907A}.Release|ARM.Build.0 = Release|ARM
		{A58A6B6D-679F-42E3-B415-EB310C14907A}.Release|ARM64.ActiveCfg = Release|ARM64
		{A58A6B6D-679F-42E3-B415-EB310C14907A}.Release|ARM64.Build.0 = Release|ARM64
		{A58A6B6D-679F-42E3-B415-EB310C14907A}.Release|x64.ActiveCfg = Release|x64
		{A58A6B6D-679F-42E3-B415-EB310C14907A}.Release|x64.Build.0 = Release|x64
		{A58A6B6D-679F-42E3-B415-EB310C14907A}.Release|x86.ActiveCfg = Release|x86
		{A58A6B6D-679F-42E3-B415-EB310C14907A}.Release|x86.Build.0 = Release|x86
		{3ADA0CDB-FFEF-489C-9C72-8F99325D927E}.Debug|Any CPU.ActiveCfg = Debug|Any CPU
		{3ADA0CDB-FFEF-489C-9C72-8F99325D927E}.Debug|Any CPU.Build.0 = Debug|Any CPU
		{3ADA0CDB-FFEF-489C-9C72-8F99325D927E}.Debug|ARM.ActiveCfg = Debug|ARM
		{3ADA0CDB-FFEF-489C-9C72-8F99325D927E}.Debug|ARM.Build.0 = Debug|ARM
		{3ADA0CDB-FFEF-489C-9C72-8F99325D927E}.Debug|ARM64.ActiveCfg = Debug|ARM64
		{3ADA0CDB-FFEF-489C-9C72-8F99325D927E}.Debug|ARM64.Build.0 = Debug|ARM64
		{3ADA0CDB-FFEF-489C-9C72-8F99325D927E}.Debug|x64.ActiveCfg = Debug|x64
		{3ADA0CDB-FFEF-489C-9C72-8F99325D927E}.Debug|x64.Build.0 = Debug|x64
		{3ADA0CDB-FFEF-489C-9C72-8F99325D927E}.Debug|x86.ActiveCfg = Debug|x86
		{3ADA0CDB-FFEF-489C-9C72-8F99325D927E}.Debug|x86.Build.0 = Debug|x86
		{3ADA0CDB-FFEF-489C-9C72-8F99325D927E}.Release|Any CPU.ActiveCfg = Release|Any CPU
		{3ADA0CDB-FFEF-489C-9C72-8F99325D927E}.Release|Any CPU.Build.0 = Release|Any CPU
		{3ADA0CDB-FFEF-489C-9C72-8F99325D927E}.Release|ARM.ActiveCfg = Release|ARM
		{3ADA0CDB-FFEF-489C-9C72-8F99325D927E}.Release|ARM.Build.0 = Release|ARM
		{3ADA0CDB-FFEF-489C-9C72-8F99325D927E}.Release|ARM64.ActiveCfg = Release|ARM64
		{3ADA0CDB-FFEF-489C-9C72-8F99325D927E}.Release|ARM64.Build.0 = Release|ARM64
		{3ADA0CDB-FFEF-489C-9C72-8F99325D927E}.Release|x64.ActiveCfg = Release|x64
		{3ADA0CDB-FFEF-489C-9C72-8F99325D927E}.Release|x64.Build.0 = Release|x64
		{3ADA0CDB-FFEF-489C-9C72-8F99325D927E}.Release|x86.ActiveCfg = Release|x86
		{3ADA0CDB-FFEF-489C-9C72-8F99325D927E}.Release|x86.Build.0 = Release|x86
		{E6F1766D-9EAC-45B9-8047-45626218929B}.Debug|Any CPU.ActiveCfg = Debug|x86
		{E6F1766D-9EAC-45B9-8047-45626218929B}.Debug|ARM.ActiveCfg = Debug|ARM
		{E6F1766D-9EAC-45B9-8047-45626218929B}.Debug|ARM.Build.0 = Debug|ARM
		{E6F1766D-9EAC-45B9-8047-45626218929B}.Debug|ARM.Deploy.0 = Debug|ARM
		{E6F1766D-9EAC-45B9-8047-45626218929B}.Debug|ARM64.ActiveCfg = Debug|ARM64
		{E6F1766D-9EAC-45B9-8047-45626218929B}.Debug|ARM64.Build.0 = Debug|ARM64
		{E6F1766D-9EAC-45B9-8047-45626218929B}.Debug|ARM64.Deploy.0 = Debug|ARM64
		{E6F1766D-9EAC-45B9-8047-45626218929B}.Debug|x64.ActiveCfg = Debug|x64
		{E6F1766D-9EAC-45B9-8047-45626218929B}.Debug|x64.Build.0 = Debug|x64
		{E6F1766D-9EAC-45B9-8047-45626218929B}.Debug|x64.Deploy.0 = Debug|x64
		{E6F1766D-9EAC-45B9-8047-45626218929B}.Debug|x86.ActiveCfg = Debug|x86
		{E6F1766D-9EAC-45B9-8047-45626218929B}.Debug|x86.Build.0 = Debug|x86
		{E6F1766D-9EAC-45B9-8047-45626218929B}.Debug|x86.Deploy.0 = Debug|x86
		{E6F1766D-9EAC-45B9-8047-45626218929B}.Release|Any CPU.ActiveCfg = Release|x86
		{E6F1766D-9EAC-45B9-8047-45626218929B}.Release|ARM.ActiveCfg = Release|ARM
		{E6F1766D-9EAC-45B9-8047-45626218929B}.Release|ARM.Build.0 = Release|ARM
		{E6F1766D-9EAC-45B9-8047-45626218929B}.Release|ARM.Deploy.0 = Release|ARM
		{E6F1766D-9EAC-45B9-8047-45626218929B}.Release|ARM64.ActiveCfg = Release|ARM64
		{E6F1766D-9EAC-45B9-8047-45626218929B}.Release|ARM64.Build.0 = Release|ARM64
		{E6F1766D-9EAC-45B9-8047-45626218929B}.Release|ARM64.Deploy.0 = Release|ARM64
		{E6F1766D-9EAC-45B9-8047-45626218929B}.Release|x64.ActiveCfg = Release|x64
		{E6F1766D-9EAC-45B9-8047-45626218929B}.Release|x64.Build.0 = Release|x64
		{E6F1766D-9EAC-45B9-8047-45626218929B}.Release|x64.Deploy.0 = Release|x64
		{E6F1766D-9EAC-45B9-8047-45626218929B}.Release|x86.ActiveCfg = Release|x86
		{E6F1766D-9EAC-45B9-8047-45626218929B}.Release|x86.Build.0 = Release|x86
		{E6F1766D-9EAC-45B9-8047-45626218929B}.Release|x86.Deploy.0 = Release|x86
		{63CC18D1-D372-46D0-B844-74CF292760C3}.Debug|Any CPU.ActiveCfg = Debug|Any CPU
		{63CC18D1-D372-46D0-B844-74CF292760C3}.Debug|Any CPU.Build.0 = Debug|Any CPU
		{63CC18D1-D372-46D0-B844-74CF292760C3}.Debug|ARM.ActiveCfg = Debug|Any CPU
		{63CC18D1-D372-46D0-B844-74CF292760C3}.Debug|ARM.Build.0 = Debug|Any CPU
		{63CC18D1-D372-46D0-B844-74CF292760C3}.Debug|ARM64.ActiveCfg = Debug|Any CPU
		{63CC18D1-D372-46D0-B844-74CF292760C3}.Debug|ARM64.Build.0 = Debug|Any CPU
		{63CC18D1-D372-46D0-B844-74CF292760C3}.Debug|x64.ActiveCfg = Debug|Any CPU
		{63CC18D1-D372-46D0-B844-74CF292760C3}.Debug|x64.Build.0 = Debug|Any CPU
		{63CC18D1-D372-46D0-B844-74CF292760C3}.Debug|x86.ActiveCfg = Debug|Any CPU
		{63CC18D1-D372-46D0-B844-74CF292760C3}.Debug|x86.Build.0 = Debug|Any CPU
		{63CC18D1-D372-46D0-B844-74CF292760C3}.Release|Any CPU.ActiveCfg = Release|Any CPU
		{63CC18D1-D372-46D0-B844-74CF292760C3}.Release|Any CPU.Build.0 = Release|Any CPU
		{63CC18D1-D372-46D0-B844-74CF292760C3}.Release|ARM.ActiveCfg = Release|Any CPU
		{63CC18D1-D372-46D0-B844-74CF292760C3}.Release|ARM.Build.0 = Release|Any CPU
		{63CC18D1-D372-46D0-B844-74CF292760C3}.Release|ARM64.ActiveCfg = Release|Any CPU
		{63CC18D1-D372-46D0-B844-74CF292760C3}.Release|ARM64.Build.0 = Release|Any CPU
		{63CC18D1-D372-46D0-B844-74CF292760C3}.Release|x64.ActiveCfg = Release|Any CPU
		{63CC18D1-D372-46D0-B844-74CF292760C3}.Release|x64.Build.0 = Release|Any CPU
		{63CC18D1-D372-46D0-B844-74CF292760C3}.Release|x86.ActiveCfg = Release|Any CPU
		{63CC18D1-D372-46D0-B844-74CF292760C3}.Release|x86.Build.0 = Release|Any CPU
		{3638FA9D-50CB-45AC-AFCC-19754B52EBF8}.Debug|Any CPU.ActiveCfg = Debug|Any CPU
		{3638FA9D-50CB-45AC-AFCC-19754B52EBF8}.Debug|Any CPU.Build.0 = Debug|Any CPU
		{3638FA9D-50CB-45AC-AFCC-19754B52EBF8}.Debug|Any CPU.Deploy.0 = Debug|Any CPU
		{3638FA9D-50CB-45AC-AFCC-19754B52EBF8}.Debug|ARM.ActiveCfg = Debug|ARM
		{3638FA9D-50CB-45AC-AFCC-19754B52EBF8}.Debug|ARM.Build.0 = Debug|ARM
		{3638FA9D-50CB-45AC-AFCC-19754B52EBF8}.Debug|ARM.Deploy.0 = Debug|ARM
		{3638FA9D-50CB-45AC-AFCC-19754B52EBF8}.Debug|ARM64.ActiveCfg = Debug|ARM64
		{3638FA9D-50CB-45AC-AFCC-19754B52EBF8}.Debug|ARM64.Build.0 = Debug|ARM64
		{3638FA9D-50CB-45AC-AFCC-19754B52EBF8}.Debug|ARM64.Deploy.0 = Debug|ARM64
		{3638FA9D-50CB-45AC-AFCC-19754B52EBF8}.Debug|x64.ActiveCfg = Debug|x64
		{3638FA9D-50CB-45AC-AFCC-19754B52EBF8}.Debug|x64.Build.0 = Debug|x64
		{3638FA9D-50CB-45AC-AFCC-19754B52EBF8}.Debug|x64.Deploy.0 = Debug|x64
		{3638FA9D-50CB-45AC-AFCC-19754B52EBF8}.Debug|x86.ActiveCfg = Debug|x86
		{3638FA9D-50CB-45AC-AFCC-19754B52EBF8}.Debug|x86.Build.0 = Debug|x86
		{3638FA9D-50CB-45AC-AFCC-19754B52EBF8}.Debug|x86.Deploy.0 = Debug|x86
		{3638FA9D-50CB-45AC-AFCC-19754B52EBF8}.Release|Any CPU.ActiveCfg = Release|Any CPU
		{3638FA9D-50CB-45AC-AFCC-19754B52EBF8}.Release|Any CPU.Build.0 = Release|Any CPU
		{3638FA9D-50CB-45AC-AFCC-19754B52EBF8}.Release|Any CPU.Deploy.0 = Release|Any CPU
		{3638FA9D-50CB-45AC-AFCC-19754B52EBF8}.Release|ARM.ActiveCfg = Release|ARM
		{3638FA9D-50CB-45AC-AFCC-19754B52EBF8}.Release|ARM.Build.0 = Release|ARM
		{3638FA9D-50CB-45AC-AFCC-19754B52EBF8}.Release|ARM.Deploy.0 = Release|ARM
		{3638FA9D-50CB-45AC-AFCC-19754B52EBF8}.Release|ARM64.ActiveCfg = Release|ARM64
		{3638FA9D-50CB-45AC-AFCC-19754B52EBF8}.Release|ARM64.Build.0 = Release|ARM64
		{3638FA9D-50CB-45AC-AFCC-19754B52EBF8}.Release|ARM64.Deploy.0 = Release|ARM64
		{3638FA9D-50CB-45AC-AFCC-19754B52EBF8}.Release|x64.ActiveCfg = Release|x64
		{3638FA9D-50CB-45AC-AFCC-19754B52EBF8}.Release|x64.Build.0 = Release|x64
		{3638FA9D-50CB-45AC-AFCC-19754B52EBF8}.Release|x64.Deploy.0 = Release|x64
		{3638FA9D-50CB-45AC-AFCC-19754B52EBF8}.Release|x86.ActiveCfg = Release|x86
		{3638FA9D-50CB-45AC-AFCC-19754B52EBF8}.Release|x86.Build.0 = Release|x86
		{3638FA9D-50CB-45AC-AFCC-19754B52EBF8}.Release|x86.Deploy.0 = Release|x86
	EndGlobalSection
	GlobalSection(SolutionProperties) = preSolution
		HideSolutionNode = FALSE
	EndGlobalSection
	GlobalSection(ExtensibilityGlobals) = postSolution
		SolutionGuid = {BE9B87C7-2E7B-4E88-9F6D-38E751A1BD7E}
	EndGlobalSection
EndGlobal
